
Microsoft Visual Studio Solution File, Format Version 12.00
# Visual Studio 14
VisualStudioVersion = 14.0.23107.0
MinimumVisualStudioVersion = 10.0.40219.1
Project("{FAE04EC0-301F-11D3-BF4B-00C04F79EFBC}") = "8Banner", "8Banner.csproj", "{A23C0752-25DE-48C2-8018-1A3955E5D19C}"
EndProject
Global
	GlobalSection(SolutionConfigurationPlatforms) = preSolution
		Debug|Any CPU = Debug|Any CPU
		Release|Any CPU = Release|Any CPU
	EndGlobalSection
	GlobalSection(ProjectConfigurationPlatforms) = postSolution
		{A23C0752-25DE-48C2-8018-1A3955E5D19C}.Debug|Any CPU.ActiveCfg = Debug|Any CPU
		{A23C0752-25DE-48C2-8018-1A3955E5D19C}.Debug|Any CPU.Build.0 = Debug|Any CPU
		{A23C0752-25DE-48C2-8018-1A3955E5D19C}.Release|Any CPU.ActiveCfg = Release|Any CPU
		{A23C0752-25DE-48C2-8018-1A3955E5D19C}.Release|Any CPU.Build.0 = Release|Any CPU
	EndGlobalSection
	GlobalSection(SolutionProperties) = preSolution
		HideSolutionNode = FALSE
	EndGlobalSection
EndGlobal
